// !$*UTF8*$!
{
	archiveVersion = 1;
	classes = {
	};
	objectVersion = 46;
	objects = {

/* Begin PBXBuildFile section */
		DEA265861A32760200B49352 /* AppDelegate.swift in Sources */ = {isa = PBXBuildFile; fileRef = DEA265851A32760200B49352 /* AppDelegate.swift */; };
		DEA265881A32760200B49352 /* ViewController.swift in Sources */ = {isa = PBXBuildFile; fileRef = DEA265871A32760200B49352 /* ViewController.swift */; };
		DEA2658B1A32760200B49352 /* Main.storyboard in Resources */ = {isa = PBXBuildFile; fileRef = DEA265891A32760200B49352 /* Main.storyboard */; };
		DEA2658D1A32760200B49352 /* Images.xcassets in Resources */ = {isa = PBXBuildFile; fileRef = DEA2658C1A32760200B49352 /* Images.xcassets */; };
		DEA265901A32760200B49352 /* LaunchScreen.xib in Resources */ = {isa = PBXBuildFile; fileRef = DEA2658E1A32760200B49352 /* LaunchScreen.xib */; };
		DEA2659C1A32760200B49352 /* CatAgeTests.swift in Sources */ = {isa = PBXBuildFile; fileRef = DEA2659B1A32760200B49352 /* CatAgeTests.swift */; };
/* End PBXBuildFile section */

/* Begin PBXContainerItemProxy section */
		DEA265961A32760200B49352 /* PBXContainerItemProxy */ = {
			isa = PBXContainerItemProxy;
			containerPortal = DEA265781A32760200B49352 /* Project object */;
			proxyType = 1;
			remoteGlobalIDString = DEA2657F1A32760200B49352;
			remoteInfo = CatAge;
		};
/* End PBXContainerItemProxy section */

/* Begin PBXFileReference section */
		DEA265801A32760200B49352 /* CatAge.app */ = {isa = PBXFileReference; explicitFileType = wrapper.application; includeInIndex = 0; path = CatAge.app; sourceTree = BUILT_PRODUCTS_DIR; };
		DEA265841A32760200B49352 /* Info.plist */ = {isa = PBXFileReference; lastKnownFileType = text.plist.xml; path = Info.plist; sourceTree = "<group>"; };
		DEA265851A32760200B49352 /* AppDelegate.swift */ = {isa = PBXFileReference; lastKnownFileType = sourcecode.swift; path = AppDelegate.swift; sourceTree = "<group>"; };
		DEA265871A32760200B49352 /* ViewController.swift */ = {isa = PBXFileReference; lastKnownFileType = sourcecode.swift; path = ViewController.swift; sourceTree = "<group>"; };
		DEA2658A1A32760200B49352 /* Base */ = {isa = PBXFileReference; lastKnownFileType = file.storyboard; name = Base; path = Base.lproj/Main.storyboard; sourceTree = "<group>"; };
		DEA2658C1A32760200B49352 /* Images.xcassets */ = {isa = PBXFileReference; lastKnownFileType = folder.assetcatalog; path = Images.xcassets; sourceTree = "<group>"; };
		DEA2658F1A32760200B49352 /* Base */ = {isa = PBXFileReference; lastKnownFileType = file.xib; name = Base; path = Base.lproj/LaunchScreen.xib; sourceTree = "<group>"; };
		DEA265951A32760200B49352 /* CatAgeTests.xctest */ = {isa = PBXFileReference; explicitFileType = wrapper.cfbundle; includeInIndex = 0; path = CatAgeTests.xctest; sourceTree = BUILT_PRODUCTS_DIR; };
		DEA2659A1A32760200B49352 /* Info.plist */ = {isa = PBXFileReference; lastKnownFileType = text.plist.xml; path = Info.plist; sourceTree = "<group>"; };
		DEA2659B1A32760200B49352 /* CatAgeTests.swift */ = {isa = PBXFileReference; lastKnownFileType = sourcecode.swift; path = CatAgeTests.swift; sourceTree = "<group>"; };
/* End PBXFileReference section */

/* Begin PBXFrameworksBuildPhase section */
		DEA2657D1A32760200B49352 /* Frameworks */ = {
			isa = PBXFrameworksBuildPhase;
			buildActionMask = 2147483647;
			files = (
			);
			runOnlyForDeploymentPostprocessing = 0;
		};
		DEA265921A32760200B49352 /* Frameworks */ = {
			isa = PBXFrameworksBuildPhase;
			buildActionMask = 2147483647;
			files = (
			);
			runOnlyForDeploymentPostprocessing = 0;
		};
/* End PBXFrameworksBuildPhase section */

/* Begin PBXGroup section */
		DEA265771A32760200B49352 = {
			isa = PBXGroup;
			children = (
				DEA265821A32760200B49352 /* CatAge */,
				DEA265981A32760200B49352 /* CatAgeTests */,
				DEA265811A32760200B49352 /* Products */,
			);
			sourceTree = "<group>";
		};
		DEA265811A32760200B49352 /* Products */ = {
			isa = PBXGroup;
			children = (
				DEA265801A32760200B49352 /* CatAge.app */,
				DEA265951A32760200B49352 /* CatAgeTests.xctest */,
			);
			name = Products;
			sourceTree = "<group>";
		};
		DEA265821A32760200B49352 /* CatAge */ = {
			isa = PBXGroup;
			children = (
				DEA265851A32760200B49352 /* AppDelegate.swift */,
				DEA265871A32760200B49352 /* ViewController.swift */,
				DEA265891A32760200B49352 /* Main.storyboard */,
				DEA2658C1A32760200B49352 /* Images.xcassets */,
				DEA2658E1A32760200B49352 /* LaunchScreen.xib */,
				DEA265831A32760200B49352 /* Supporting Files */,
			);
			path = CatAge;
			sourceTree = "<group>";
		};
		DEA265831A32760200B49352 /* Supporting Files */ = {
			isa = PBXGroup;
			children = (
				DEA265841A32760200B49352 /* Info.plist */,
			);
			name = "Supporting Files";
			sourceTree = "<group>";
		};
		DEA265981A32760200B49352 /* CatAgeTests */ = {
			isa = PBXGroup;
			children = (
				DEA2659B1A32760200B49352 /* CatAgeTests.swift */,
				DEA265991A32760200B49352 /* Supporting Files */,
			);
			path = CatAgeTests;
			sourceTree = "<group>";
		};
		DEA265991A32760200B49352 /* Supporting Files */ = {
			isa = PBXGroup;
			children = (
				DEA2659A1A32760200B49352 /* Info.plist */,
			);
			name = "Supporting Files";
			sourceTree = "<group>";
		};
/* End PBXGroup section */

/* Begin PBXNativeTarget section */
		DEA2657F1A32760200B49352 /* CatAge */ = {
			isa = PBXNativeTarget;
			buildConfigurationList = DEA2659F1A32760200B49352 /* Build configuration list for PBXNativeTarget "CatAge" */;
			buildPhases = (
				DEA2657C1A32760200B49352 /* Sources */,
				DEA2657D1A32760200B49352 /* Frameworks */,
				DEA2657E1A32760200B49352 /* Resources */,
			);
			buildRules = (
			);
			dependencies = (
			);
			name = CatAge;
			productName = CatAge;
			productReference = DEA265801A32760200B49352 /* CatAge.app */;
			productType = "com.apple.product-type.application";
		};
		DEA265941A32760200B49352 /* CatAgeTests */ = {
			isa = PBXNativeTarget;
			buildConfigurationList = DEA265A21A32760200B49352 /* Build configuration list for PBXNativeTarget "CatAgeTests" */;
			buildPhases = (
				DEA265911A32760200B49352 /* Sources */,
				DEA265921A32760200B49352 /* Frameworks */,
				DEA265931A32760200B49352 /* Resources */,
			);
			buildRules = (
			);
			dependencies = (
				DEA265971A32760200B49352 /* PBXTargetDependency */,
			);
			name = CatAgeTests;
			productName = CatAgeTests;
			productReference = DEA265951A32760200B49352 /* CatAgeTests.xctest */;
			productType = "com.apple.product-type.bundle.unit-test";
		};
/* End PBXNativeTarget section */

/* Begin PBXProject section */
		DEA265781A32760200B49352 /* Project object */ = {
			isa = PBXProject;
			attributes = {
				LastUpgradeCheck = 0610;
				ORGANIZATIONNAME = "Talha Qamar";
				TargetAttributes = {
					DEA2657F1A32760200B49352 = {
						CreatedOnToolsVersion = 6.1;
					};
					DEA265941A32760200B49352 = {
						CreatedOnToolsVersion = 6.1;
						TestTargetID = DEA2657F1A32760200B49352;
					};
				};
			};
			buildConfigurationList = DEA2657B1A32760200B49352 /* Build configuration list for PBXProject "CatAge" */;
			compatibilityVersion = "Xcode 3.2";
			developmentRegion = English;
			hasScannedForEncodings = 0;
			knownRegions = (
				en,
				Base,
			);
			mainGroup = DEA265771A32760200B49352;
			productRefGroup = DEA265811A32760200B49352 /* Products */;
			projectDirPath = "";
			projectRoot = "";
			targets = (
				DEA2657F1A32760200B49352 /* CatAge */,
				DEA265941A32760200B49352 /* CatAgeTests */,
			);
		};
/* End PBXProject section */

/* Begin PBXResourcesBuildPhase section */
		DEA2657E1A32760200B49352 /* Resources */ = {
			isa = PBXResourcesBuildPhase;
			buildActionMask = 2147483647;
			files = (
				DEA2658B1A32760200B49352 /* Main.storyboard in Resources */,
				DEA265901A32760200B49352 /* LaunchScreen.xib in Resources */,
				DEA2658D1A32760200B49352 /* Images.xcassets in Resources */,
			);
			runOnlyForDeploymentPostprocessing = 0;
		};
		DEA265931A32760200B49352 /* Resources */ = {
			isa = PBXResourcesBuildPhase;
			buildActionMask = 2147483647;
			files = (
			);
			runOnlyForDeploymentPostprocessing = 0;
		};
/* End PBXResourcesBuildPhase section */

/* Begin PBXSourcesBuildPhase section */
		DEA2657C1A32760200B49352 /* Sources */ = {
			isa = PBXSourcesBuildPhase;
			buildActionMask = 2147483647;
			files = (
				DEA265881A32760200B49352 /* ViewController.swift in Sources */,
				DEA265861A32760200B49352 /* AppDelegate.swift in Sources */,
			);
			runOnlyForDeploymentPostprocessing = 0;
		};
		DEA265911A32760200B49352 /* Sources */ = {
			isa = PBXSourcesBuildPhase;
			buildActionMask = 2147483647;
			files = (
				DEA2659C1A32760200B49352 /* CatAgeTests.swift in Sources */,
			);
			runOnlyForDeploymentPostprocessing = 0;
		};
/* End PBXSourcesBuildPhase section */

/* Begin PBXTargetDependency section */
		DEA265971A32760200B49352 /* PBXTargetDependency */ = {
			isa = PBXTargetDependency;
			target = DEA2657F1A32760200B49352 /* CatAge */;
			targetProxy = DEA265961A32760200B49352 /* PBXContainerItemProxy */;
		};
/* End PBXTargetDependency section */

/* Begin PBXVariantGroup section */
		DEA265891A32760200B49352 /* Main.storyboard */ = {
			isa = PBXVariantGroup;
			children = (
				DEA2658A1A32760200B49352 /* Base */,
			);
			name = Main.storyboard;
			sourceTree = "<group>";
		};
		DEA2658E1A32760200B49352 /* LaunchScreen.xib */ = {
			isa = PBXVariantGroup;
			children = (
				DEA2658F1A32760200B49352 /* Base */,
			);
			name = LaunchScreen.xib;
			sourceTree = "<group>";
		};
/* End PBXVariantGroup section */

/* Begin XCBuildConfiguration section */
		DEA2659D1A32760200B49352 /* Debug */ = {
			isa = XCBuildConfiguration;
			buildSettings = {
				ALWAYS_SEARCH_USER_PATHS = NO;
				CLANG_CXX_LANGUAGE_STANDARD = "gnu++0x";
				CLANG_CXX_LIBRARY = "libc++";
				CLANG_ENABLE_MODULES = YES;
				CLANG_ENABLE_OBJC_ARC = YES;
				CLANG_WARN_BOOL_CONVERSION = YES;
				CLANG_WARN_CONSTANT_CONVERSION = YES;
				CLANG_WARN_DIRECT_OBJC_ISA_USAGE = YES_ERROR;
				CLANG_WARN_EMPTY_BODY = YES;
				CLANG_WARN_ENUM_CONVERSION = YES;
				CLANG_WARN_INT_CONVERSION = YES;
				CLANG_WARN_OBJC_ROOT_CLASS = YES_ERROR;
				CLANG_WARN_UNREACHABLE_CODE = YES;
				CLANG_WARN__DUPLICATE_METHOD_MATCH = YES;
				"CODE_SIGN_IDENTITY[sdk=iphoneos*]" = "iPhone Developer";
				COPY_PHASE_STRIP = NO;
				ENABLE_STRICT_OBJC_MSGSEND = YES;
				GCC_C_LANGUAGE_STANDARD = gnu99;
				GCC_DYNAMIC_NO_PIC = NO;
				GCC_OPTIMIZATION_LEVEL = 0;
				GCC_PREPROCESSOR_DEFINITIONS = (
					"DEBUG=1",
					"$(inherited)",
				);
				GCC_SYMBOLS_PRIVATE_EXTERN = NO;
				GCC_WARN_64_TO_32_BIT_CONVERSION = YES;
				GCC_WARN_ABOUT_RETURN_TYPE = YES_ERROR;
				GCC_WARN_UNDECLARED_SELECTOR = YES;
				GCC_WARN_UNINITIALIZED_AUTOS = YES_AGGRESSIVE;
				GCC_WARN_UNUSED_FUNCTION = YES;
				GCC_WARN_UNUSED_VARIABLE = YES;
				IPHONEOS_DEPLOYMENT_TARGET = 8.0;
				MTL_ENABLE_DEBUG_INFO = YES;
				ONLY_ACTIVE_ARCH = YES;
				SDKROOT = iphoneos;
				SWIFT_OPTIMIZATION_LEVEL = "-Onone";
			};
			name = Debug;
		};
		DEA2659E1A32760200B49352 /* Release */ = {
			isa = XCBuildConfiguration;
			buildSettings = {
				ALWAYS_SEARCH_USER_PATHS = NO;
				CLANG_CXX_LANGUAGE_STANDARD = "gnu++0x";
				CLANG_CXX_LIBRARY = "libc++";
				CLANG_ENABLE_MODULES = YES;
				CLANG_ENABLE_OBJC_ARC = YES;
				CLANG_WARN_BOOL_CONVERSION = YES;
				CLANG_WARN_CONSTANT_CONVERSION = YES;
				CLANG_WARN_DIRECT_OBJC_ISA_USAGE = YES_ERROR;
				CLANG_WARN_EMPTY_BODY = YES;
				CLANG_WARN_ENUM_CONVERSION = YES;
				CLANG_WARN_INT_CONVERSION = YES;
				CLANG_WARN_OBJC_ROOT_CLASS = YES_ERROR;
				CLANG_WARN_UNREACHABLE_CODE = YES;
				CLANG_WARN__DUPLICATE_METHOD_MATCH = YES;
				"CODE_SIGN_IDENTITY[sdk=iphoneos*]" = "iPhone Developer";
				COPY_PHASE_STRIP = YES;
				ENABLE_NS_ASSERTIONS = NO;
				ENABLE_STRICT_OBJC_MSGSEND = YES;
				GCC_C_LANGUAGE_STANDARD = gnu99;
				GCC_WARN_64_TO_32_BIT_CONVERSION = YES;
				GCC_WARN_ABOUT_RETURN_TYPE = YES_ERROR;
				GCC_WARN_UNDECLARED_SELECTOR = YES;
				GCC_WARN_UNINITIALIZED_AUTOS = YES_AGGRESSIVE;
				GCC_WARN_UNUSED_FUNCTION = YES;
				GCC_WARN_UNUSED_VARIABLE = YES;
				IPHONEOS_DEPLOYMENT_TARGET = 8.0;
				MTL_ENABLE_DEBUG_INFO = NO;
				SDKROOT = iphoneos;
				VALIDATE_PRODUCT = YES;
			};
			name = Release;
		};
		DEA265A01A32760200B49352 /* Debug */ = {
			isa = XCBuildConfiguration;
			buildSettings = {
				ASSETCATALOG_COMPILER_APPICON_NAME = AppIcon;
				INFOPLIST_FILE = CatAge/Info.plist;
				LD_RUNPATH_SEARCH_PATHS = "$(inherited) @executable_path/Frameworks";
				PRODUCT_NAME = "$(TARGET_NAME)";
			};
			name = Debug;
		};
		DEA265A11A32760200B49352 /* Release */ = {
			isa = XCBuildConfiguration;
			buildSettings = {
				ASSETCATALOG_COMPILER_APPICON_NAME = AppIcon;
				INFOPLIST_FILE = CatAge/Info.plist;
				LD_RUNPATH_SEARCH_PATHS = "$(inherited) @executable_path/Frameworks";
				PRODUCT_NAME = "$(TARGET_NAME)";
			};
			name = Release;
		};
		DEA265A31A32760200B49352 /* Debug */ = {
			isa = XCBuildConfiguration;
			buildSettings = {
				BUNDLE_LOADER = "$(TEST_HOST)";
				FRAMEWORK_SEARCH_PATHS = (
					"$(SDKROOT)/Developer/Library/Frameworks",
					"$(inherited)",
				);
				GCC_PREPROCESSOR_DEFINITIONS = (
					"DEBUG=1",
					"$(inherited)",
				);
				INFOPLIST_FILE = CatAgeTests/Info.plist;
				LD_RUNPATH_SEARCH_PATHS = "$(inherited) @executable_path/Frameworks @loader_path/Frameworks";
				PRODUCT_NAME = "$(TARGET_NAME)";
				TEST_HOST = "$(BUILT_PRODUCTS_DIR)/CatAge.app/CatAge";
			};
			name = Debug;
		};
		DEA265A41A32760200B49352 /* Release */ = {
			isa = XCBuildConfiguration;
			buildSettings = {
				BUNDLE_LOADER = "$(TEST_HOST)";
				FRAMEWORK_SEARCH_PATHS = (
					"$(SDKROOT)/Developer/Library/Frameworks",
					"$(inherited)",
				);
				INFOPLIST_FILE = CatAgeTests/Info.plist;
				LD_RUNPATH_SEARCH_PATHS = "$(inherited) @executable_path/Frameworks @loader_path/Frameworks";
				PRODUCT_NAME = "$(TARGET_NAME)";
				TEST_HOST = "$(BUILT_PRODUCTS_DIR)/CatAge.app/CatAge";
			};
			name = Release;
		};
/* End XCBuildConfiguration section */

/* Begin XCConfigurationList section */
		DEA2657B1A32760200B49352 /* Build configuration list for PBXProject "CatAge" */ = {
			isa = XCConfigurationList;
			buildConfigurations = (
				DEA2659D1A32760200B49352 /* Debug */,
				DEA2659E1A32760200B49352 /* Release */,
			);
			defaultConfigurationIsVisible = 0;
			defaultConfigurationName = Release;
		};
		DEA2659F1A32760200B49352 /* Build configuration list for PBXNativeTarget "CatAge" */ = {
			isa = XCConfigurationList;
			buildConfigurations = (
				DEA265A01A32760200B49352 /* Debug */,
				DEA265A11A32760200B49352 /* Release */,
			);
			defaultConfigurationIsVisible = 0;
		};
		DEA265A21A32760200B49352 /* Build configuration list for PBXNativeTarget "CatAgeTests" */ = {
			isa = XCConfigurationList;
			buildConfigurations = (
				DEA265A31A32760200B49352 /* Debug */,
				DEA265A41A32760200B49352 /* Release */,
			);
			defaultConfigurationIsVisible = 0;
		};
/* End XCConfigurationList section */
	};
	rootObject = DEA265781A32760200B49352 /* Project object */;
}
